
Microsoft Visual Studio Solution File, Format Version 12.00
# Visual Studio Version 17
VisualStudioVersion = 17.5.33530.505
MinimumVisualStudioVersion = 10.0.40219.1
Project("{FAE04EC0-301F-11D3-BF4B-00C04F79EFBC}") = "SescIntegracaoGrupo", "SescIntegracaoGrupo.csproj", "{B93F7025-E821-4BF9-82B4-DA3B39B0EE6E}"
EndProject
Global
	GlobalSection(SolutionConfigurationPlatforms) = preSolution
		Debug|Any CPU = Debug|Any CPU
		Release|Any CPU = Release|Any CPU
	EndGlobalSection
	GlobalSection(ProjectConfigurationPlatforms) = postSolution
		{B93F7025-E821-4BF9-82B4-DA3B39B0EE6E}.Debug|Any CPU.ActiveCfg = Debug|Any CPU
		{B93F7025-E821-4BF9-82B4-DA3B39B0EE6E}.Debug|Any CPU.Build.0 = Debug|Any CPU
		{B93F7025-E821-4BF9-82B4-DA3B39B0EE6E}.Release|Any CPU.ActiveCfg = Release|Any CPU
		{B93F7025-E821-4BF9-82B4-DA3B39B0EE6E}.Release|Any CPU.Build.0 = Release|Any CPU
	EndGlobalSection
	GlobalSection(SolutionProperties) = preSolution
		HideSolutionNode = FALSE
	EndGlobalSection
	GlobalSection(ExtensibilityGlobals) = postSolution
		SolutionGuid = {5002AE7D-BFB7-4217-A9B8-535348645806}
	EndGlobalSection
EndGlobal
